# This file is automatically @generated by Cargo.
# It is not intended for manual editing.
version = 3

[[package]]
name = "anyhow"
version = "1.0.53"
source = "registry+https://github.com/rust-lang/crates.io-index"
checksum = "94a45b455c14666b85fc40a019e8ab9eb75e3a124e05494f5397122bc9eb06e0"

[[package]]
name = "lazy_static"
version = "1.4.0"
source = "registry+https://github.com/rust-lang/crates.io-index"
checksum = "e2abad23fbc42b3700f2f279844dc832adb2b2eb069b2df918f455c4e18cc646"

[[package]]
name = "libc"
version = "0.2.114"
source = "registry+https://github.com/rust-lang/crates.io-index"
checksum = "b0005d08a8f7b65fb8073cb697aa0b12b631ed251ce73d862ce50eeb52ce3b50"

[[package]]
name = "rust-vsv"
version = "0.1.0"
dependencies = [
 "anyhow",
 "lazy_static",
 "libc",
]
